<?xml version="1.0" encoding="utf-8"?>
<Project ToolsVersion="4.0" xmlns="http://schemas.microsoft.com/developer/msbuild/2003">
  <ItemGroup>
    <Filter Include="CUFF">
      <UniqueIdentifier>{0e370fab-c724-4371-81ea-2bffa33c0d32}</UniqueIdentifier>
    </Filter>
    <Filter Include="HapticGuidance">
      <UniqueIdentifier>{ea2c2e44-2cc4-4672-8b2d-6fa28485a836}</UniqueIdentifier>
    </Filter>
  </ItemGroup>
  <ItemGroup>
    <ClCompile Include="qbmove_communications.cpp">
      <Filter>CUFF</Filter>
    </ClCompile>
    <ClCompile Include="HapticGuidance.cpp">
      <Filter>HapticGuidance</Filter>
    </ClCompile>
    <ClCompile Include="Cuff.cpp">
      <Filter>CUFF</Filter>
    </ClCompile>
    <ClCompile Include="Pendulum.cpp">
      <Filter>HapticGuidance</Filter>
    </ClCompile>
    <ClCompile Include="main_haptic_guidance.cpp">
      <Filter>HapticGuidance</Filter>
    </ClCompile>
  </ItemGroup>
  <ItemGroup>
    <ClInclude Include="commands.h">
      <Filter>CUFF</Filter>
    </ClInclude>
    <ClInclude Include="definitions.h">
      <Filter>CUFF</Filter>
    </ClInclude>
    <ClInclude Include="qbmove_communications.h">
      <Filter>CUFF</Filter>
    </ClInclude>
    <ClInclude Include="HapticGuidance.h">
      <Filter>HapticGuidance</Filter>
    </ClInclude>
    <ClInclude Include="Pendulum.h">
      <Filter>HapticGuidance</Filter>
    </ClInclude>
    <ClInclude Include="Cuff.h">
      <Filter>CUFF</Filter>
    </ClInclude>
  </ItemGroup>
</Project>