<?xml version="1.0" encoding="utf-8"?>
<Project ToolsVersion="4.0" xmlns="http://schemas.microsoft.com/developer/msbuild/2003">
  <ItemGroup>
    <Filter Include="Core">
      <UniqueIdentifier>{e1af6637-7c52-4809-ae0c-9564761f64c0}</UniqueIdentifier>
    </Filter>
    <Filter Include="Math">
      <UniqueIdentifier>{20da9e67-8912-41a7-b196-105693f1f782}</UniqueIdentifier>
    </Filter>
    <Filter Include="Utility">
      <UniqueIdentifier>{0175eb56-8306-41f4-815b-b396f5020cc8}</UniqueIdentifier>
    </Filter>
    <Filter Include="Communications">
      <UniqueIdentifier>{5f778315-7578-4869-acfb-360e11ff8643}</UniqueIdentifier>
    </Filter>
    <Filter Include="Exoskeletons">
      <UniqueIdentifier>{04c26c6b-4f31-43bd-a662-83f44a83df8a}</UniqueIdentifier>
    </Filter>
    <Filter Include="Exoskeletons\MAHI Exo-II">
      <UniqueIdentifier>{b807a9e1-4229-4c29-a27c-c81c838c9755}</UniqueIdentifier>
    </Filter>
    <Filter Include="Exoskeletons\OpenWrist">
      <UniqueIdentifier>{ffb115d4-40ed-4af0-920d-6c8cf378525d}</UniqueIdentifier>
    </Filter>
    <Filter Include="Devices">
      <UniqueIdentifier>{3d560959-9de6-46df-b97f-b54ed78cf2f4}</UniqueIdentifier>
    </Filter>
    <Filter Include="Model">
      <UniqueIdentifier>{1dc13621-02eb-4f94-948d-6befcbd32565}</UniqueIdentifier>
    </Filter>
    <Filter Include="Legacy">
      <UniqueIdentifier>{9434d7ed-0097-4caf-9517-604ab2e82e9e}</UniqueIdentifier>
    </Filter>
  </ItemGroup>
  <ItemGroup>
    <ClCompile Include="Actuator.cpp">
      <Filter>Core</Filter>
    </ClCompile>
    <ClCompile Include="AtiMini45.cpp">
      <Filter>Devices</Filter>
    </ClCompile>
    <ClCompile Include="Controller.cpp">
      <Filter>Legacy</Filter>
    </ClCompile>
    <ClCompile Include="Daq.cpp">
      <Filter>Core</Filter>
    </ClCompile>
    <ClCompile Include="DataLog.cpp">
      <Filter>Utility</Filter>
    </ClCompile>
    <ClCompile Include="EmgElectrode.cpp">
      <Filter>Core</Filter>
    </ClCompile>
    <ClCompile Include="Encoder.cpp">
      <Filter>Core</Filter>
    </ClCompile>
    <ClCompile Include="Exo.cpp">
      <Filter>Core</Filter>
    </ClCompile>
    <ClCompile Include="Filter.cpp">
      <Filter>Math</Filter>
    </ClCompile>
    <ClCompile Include="ForceSensor.cpp">
      <Filter>Core</Filter>
    </ClCompile>
    <ClCompile Include="Input.cpp">
      <Filter>Utility</Filter>
    </ClCompile>
    <ClCompile Include="Integrator.cpp">
      <Filter>Math</Filter>
    </ClCompile>
    <ClCompile Include="Joint.cpp">
      <Filter>Core</Filter>
    </ClCompile>
    <ClCompile Include="Motor.cpp">
      <Filter>Core</Filter>
    </ClCompile>
    <ClCompile Include="PositionSensor.cpp">
      <Filter>Core</Filter>
    </ClCompile>
    <ClCompile Include="Q8Usb.cpp">
      <Filter>Devices</Filter>
    </ClCompile>
    <ClCompile Include="Robot.cpp">
      <Filter>Core</Filter>
    </ClCompile>
    <ClCompile Include="ExternalApp.cpp">
      <Filter>Utility</Filter>
    </ClCompile>
    <ClCompile Include="Mutex.cpp">
      <Filter>Utility</Filter>
    </ClCompile>
    <ClCompile Include="MelShare.cpp">
      <Filter>Communications</Filter>
    </ClCompile>
    <ClCompile Include="mel_util.cpp">
      <Filter>Utility</Filter>
    </ClCompile>
    <ClCompile Include="mel_math.cpp">
      <Filter>Math</Filter>
    </ClCompile>
    <ClCompile Include="MahiExoII.cpp">
      <Filter>Exoskeletons\MAHI Exo-II</Filter>
    </ClCompile>
    <ClCompile Include="MahiExoIIEmg.cpp">
      <Filter>Exoskeletons\MAHI Exo-II</Filter>
    </ClCompile>
    <ClCompile Include="MahiExoIIEmgFrc.cpp">
      <Filter>Exoskeletons\MAHI Exo-II</Filter>
    </ClCompile>
    <ClCompile Include="MahiExoIIFrc.cpp">
      <Filter>Exoskeletons\MAHI Exo-II</Filter>
    </ClCompile>
    <ClCompile Include="OpenWrist.cpp">
      <Filter>Exoskeletons\OpenWrist</Filter>
    </ClCompile>
    <ClCompile Include="Clock.cpp">
      <Filter>Utility</Filter>
    </ClCompile>
    <ClCompile Include="StateMachine.cpp">
      <Filter>Utility</Filter>
    </ClCompile>
    <ClCompile Include="PerformanceMonitor.cpp">
      <Filter>Utility</Filter>
    </ClCompile>
    <ClCompile Include="PdController.cpp">
      <Filter>Core</Filter>
    </ClCompile>
  </ItemGroup>
  <ItemGroup>
    <ClInclude Include="Robot.h">
      <Filter>Core</Filter>
    </ClInclude>
    <ClInclude Include="PositionSensor.h">
      <Filter>Core</Filter>
    </ClInclude>
    <ClInclude Include="Motor.h">
      <Filter>Core</Filter>
    </ClInclude>
    <ClInclude Include="Joint.h">
      <Filter>Core</Filter>
    </ClInclude>
    <ClInclude Include="AtiMini45.h">
      <Filter>Devices</Filter>
    </ClInclude>
    <ClInclude Include="Q8Usb.h">
      <Filter>Devices</Filter>
    </ClInclude>
    <ClInclude Include="Actuator.h">
      <Filter>Core</Filter>
    </ClInclude>
    <ClInclude Include="Daq.h">
      <Filter>Core</Filter>
    </ClInclude>
    <ClInclude Include="DataLog.h">
      <Filter>Utility</Filter>
    </ClInclude>
    <ClInclude Include="Integrator.h">
      <Filter>Math</Filter>
    </ClInclude>
    <ClInclude Include="Filter.h">
      <Filter>Math</Filter>
    </ClInclude>
    <ClInclude Include="Input.h">
      <Filter>Utility</Filter>
    </ClInclude>
    <ClInclude Include="Device.h">
      <Filter>Core</Filter>
    </ClInclude>
    <ClInclude Include="EmgElectrode.h">
      <Filter>Core</Filter>
    </ClInclude>
    <ClInclude Include="Exo.h">
      <Filter>Core</Filter>
    </ClInclude>
    <ClInclude Include="ForceSensor.h">
      <Filter>Core</Filter>
    </ClInclude>
    <ClInclude Include="Encoder.h">
      <Filter>Core</Filter>
    </ClInclude>
    <ClInclude Include="Task.h">
      <Filter>Legacy</Filter>
    </ClInclude>
    <ClInclude Include="Controller.h">
      <Filter>Legacy</Filter>
    </ClInclude>
    <ClInclude Include="GuiFlag.h">
      <Filter>Utility</Filter>
    </ClInclude>
    <ClInclude Include="Spinlock.h">
      <Filter>Utility</Filter>
    </ClInclude>
    <ClInclude Include="ExternalApp.h">
      <Filter>Utility</Filter>
    </ClInclude>
    <ClInclude Include="mel_math.h">
      <Filter>Math</Filter>
    </ClInclude>
    <ClInclude Include="Mutex.h">
      <Filter>Utility</Filter>
    </ClInclude>
    <ClInclude Include="MelShare.h">
      <Filter>Communications</Filter>
    </ClInclude>
    <ClInclude Include="mel_util.h">
      <Filter>Utility</Filter>
    </ClInclude>
    <ClInclude Include="MahiExoII.h">
      <Filter>Exoskeletons\MAHI Exo-II</Filter>
    </ClInclude>
    <ClInclude Include="MahiExoIIFrc.h">
      <Filter>Exoskeletons\MAHI Exo-II</Filter>
    </ClInclude>
    <ClInclude Include="MahiExoIIEmg.h">
      <Filter>Exoskeletons\MAHI Exo-II</Filter>
    </ClInclude>
    <ClInclude Include="MahiExoIIEmgFrc.h">
      <Filter>Exoskeletons\MAHI Exo-II</Filter>
    </ClInclude>
    <ClInclude Include="OpenWrist.h">
      <Filter>Exoskeletons\OpenWrist</Filter>
    </ClInclude>
    <ClInclude Include="Clock.h">
      <Filter>Utility</Filter>
    </ClInclude>
    <ClInclude Include="StateMachine.h">
      <Filter>Utility</Filter>
    </ClInclude>
    <ClInclude Include="mel_types.h">
      <Filter>Utility</Filter>
    </ClInclude>
    <ClInclude Include="PerformanceMonitor.h">
      <Filter>Utility</Filter>
    </ClInclude>
    <ClInclude Include="CRio.h">
      <Filter>Devices</Filter>
    </ClInclude>
    <ClInclude Include="PdController.h">
      <Filter>Core</Filter>
    </ClInclude>
    <ClInclude Include="mel_errors.h">
      <Filter>Utility</Filter>
    </ClInclude>
  </ItemGroup>
</Project>