<?xml version="1.0" encoding="utf-8"?>
<Project ToolsVersion="4.0" xmlns="http://schemas.microsoft.com/developer/msbuild/2003">
  <ItemGroup>
    <Filter Include="Core">
      <UniqueIdentifier>{e1af6637-7c52-4809-ae0c-9564761f64c0}</UniqueIdentifier>
    </Filter>
    <Filter Include="Devices">
      <UniqueIdentifier>{3d560959-9de6-46df-b97f-b54ed78cf2f4}</UniqueIdentifier>
    </Filter>
    <Filter Include="Obsolete">
      <UniqueIdentifier>{9434d7ed-0097-4caf-9517-604ab2e82e9e}</UniqueIdentifier>
    </Filter>
    <Filter Include="Math">
      <UniqueIdentifier>{20da9e67-8912-41a7-b196-105693f1f782}</UniqueIdentifier>
    </Filter>
    <Filter Include="Utility">
      <UniqueIdentifier>{0175eb56-8306-41f4-815b-b396f5020cc8}</UniqueIdentifier>
    </Filter>
  </ItemGroup>
  <ItemGroup>
    <ClCompile Include="Actuator.cpp">
      <Filter>Core</Filter>
    </ClCompile>
    <ClCompile Include="AtiMini45.cpp">
      <Filter>Devices</Filter>
    </ClCompile>
    <ClCompile Include="Clock.cpp">
      <Filter>Core</Filter>
    </ClCompile>
    <ClCompile Include="Controller.cpp">
      <Filter>Obsolete</Filter>
    </ClCompile>
    <ClCompile Include="Daq.cpp">
      <Filter>Core</Filter>
    </ClCompile>
    <ClCompile Include="DataLog.cpp">
      <Filter>Utility</Filter>
    </ClCompile>
    <ClCompile Include="EmgElectrode.cpp">
      <Filter>Core</Filter>
    </ClCompile>
    <ClCompile Include="Encoder.cpp">
      <Filter>Core</Filter>
    </ClCompile>
    <ClCompile Include="Exo.cpp">
      <Filter>Core</Filter>
    </ClCompile>
    <ClCompile Include="Filter.cpp">
      <Filter>Math</Filter>
    </ClCompile>
    <ClCompile Include="ForceSensor.cpp">
      <Filter>Core</Filter>
    </ClCompile>
    <ClCompile Include="Input.cpp">
      <Filter>Utility</Filter>
    </ClCompile>
    <ClCompile Include="Integrator.cpp">
      <Filter>Math</Filter>
    </ClCompile>
    <ClCompile Include="Joint.cpp">
      <Filter>Core</Filter>
    </ClCompile>
    <ClCompile Include="Motor.cpp">
      <Filter>Core</Filter>
    </ClCompile>
    <ClCompile Include="PositionSensor.cpp">
      <Filter>Core</Filter>
    </ClCompile>
    <ClCompile Include="Q8Usb.cpp">
      <Filter>Devices</Filter>
    </ClCompile>
    <ClCompile Include="util.cpp">
      <Filter>Utility</Filter>
    </ClCompile>
    <ClCompile Include="Robot.cpp">
      <Filter>Core</Filter>
    </ClCompile>
    <ClCompile Include="StateMachine.cpp">
      <Filter>Core</Filter>
    </ClCompile>
    <ClCompile Include="OpenWrist.cpp">
      <Filter>Devices</Filter>
    </ClCompile>
    <ClCompile Include="MelShare.cpp">
      <Filter>Utility</Filter>
    </ClCompile>
    <ClCompile Include="ExternalApp.cpp">
      <Filter>Utility</Filter>
    </ClCompile>
    <ClCompile Include="PdController.cpp">
      <Filter>Core</Filter>
    </ClCompile>
  </ItemGroup>
  <ItemGroup>
    <ClInclude Include="StateMachine.h">
      <Filter>Core</Filter>
    </ClInclude>
    <ClInclude Include="Robot.h">
      <Filter>Core</Filter>
    </ClInclude>
    <ClInclude Include="PositionSensor.h">
      <Filter>Core</Filter>
    </ClInclude>
    <ClInclude Include="Motor.h">
      <Filter>Core</Filter>
    </ClInclude>
    <ClInclude Include="Joint.h">
      <Filter>Core</Filter>
    </ClInclude>
    <ClInclude Include="AtiMini45.h">
      <Filter>Devices</Filter>
    </ClInclude>
    <ClInclude Include="Q8Usb.h">
      <Filter>Devices</Filter>
    </ClInclude>
    <ClInclude Include="Actuator.h">
      <Filter>Core</Filter>
    </ClInclude>
    <ClInclude Include="Clock.h">
      <Filter>Core</Filter>
    </ClInclude>
    <ClInclude Include="Daq.h">
      <Filter>Core</Filter>
    </ClInclude>
    <ClInclude Include="DataLog.h">
      <Filter>Utility</Filter>
    </ClInclude>
    <ClInclude Include="Integrator.h">
      <Filter>Math</Filter>
    </ClInclude>
    <ClInclude Include="Filter.h">
      <Filter>Math</Filter>
    </ClInclude>
    <ClInclude Include="Input.h">
      <Filter>Utility</Filter>
    </ClInclude>
    <ClInclude Include="Device.h">
      <Filter>Core</Filter>
    </ClInclude>
    <ClInclude Include="EmgElectrode.h">
      <Filter>Core</Filter>
    </ClInclude>
    <ClInclude Include="Exo.h">
      <Filter>Core</Filter>
    </ClInclude>
    <ClInclude Include="ForceSensor.h">
      <Filter>Core</Filter>
    </ClInclude>
    <ClInclude Include="Encoder.h">
      <Filter>Core</Filter>
    </ClInclude>
    <ClInclude Include="Task.h">
      <Filter>Obsolete</Filter>
    </ClInclude>
    <ClInclude Include="Controller.h">
      <Filter>Obsolete</Filter>
    </ClInclude>
    <ClInclude Include="util.h">
      <Filter>Utility</Filter>
    </ClInclude>
    <ClInclude Include="PdController.h">
      <Filter>Core</Filter>
    </ClInclude>
    <ClInclude Include="GuiFlag.h">
      <Filter>Utility</Filter>
    </ClInclude>
    <ClInclude Include="Spinlock.h">
      <Filter>Utility</Filter>
    </ClInclude>
    <ClInclude Include="OpenWrist.h">
      <Filter>Devices</Filter>
    </ClInclude>
    <ClInclude Include="MelShare.h">
      <Filter>Utility</Filter>
    </ClInclude>
    <ClInclude Include="ExternalApp.h">
      <Filter>Utility</Filter>
    </ClInclude>
  </ItemGroup>
</Project>